{
  "originHash" : "fbdec518f66720abc9cceef1ea36ee3229c4faa09fdcfd36f45e77839c989f98",
  "pins" : [
    {
      "identity" : "purchases-ios",
      "kind" : "remoteSourceControl",
      "location" : "https://github.com/RevenueCat/purchases-ios",
      "state" : {
        "revision" : "d654b8b85143c29e5bb73d0ff92f5f5766fbbedc",
        "version" : "5.91.0"
      }
    }
  ],
  "version" : 3
}
