{
  "originHash" : "fbdec518f66720abc9cceef1ea36ee3229c4faa09fdcfd36f45e77839c989f98",
  "pins" : [
    {
      "identity" : "purchases-ios",
      "kind" : "remoteSourceControl",
      "location" : "https://github.com/RevenueCat/purchases-ios",
      "state" : {
        "revision" : "abb0d68c3e7ba97b16ab51c38fcaca16b0e358c8",
        "version" : "5.66.0"
      }
    }
  ],
  "version" : 3
}
